
Microsoft Visual Studio Solution File, Format Version 12.00
# Visual Studio Version 17
VisualStudioVersion = 17.0.31912.275
MinimumVisualStudioVersion = 10.0.40219.1
Project("{FAE04EC0-301F-11D3-BF4B-00C04F79EFBC}") = "RachelBot.DiscordApp", "RachelBot.DiscordApp\RachelBot.DiscordApp.csproj", "{1B26AA4B-E105-486E-971B-91AD09C557D4}"
EndProject
Project("{FAE04EC0-301F-11D3-BF4B-00C04F79EFBC}") = "RachelBot", "RachelBot\RachelBot.csproj", "{A36A07B8-DC45-4562-AB28-F07A6B0ACFCE}"
EndProject
Global
	GlobalSection(SolutionConfigurationPlatforms) = preSolution
		Debug|Any CPU = Debug|Any CPU
		Release|Any CPU = Release|Any CPU
	EndGlobalSection
	GlobalSection(ProjectConfigurationPlatforms) = postSolution
		{1B26AA4B-E105-486E-971B-91AD09C557D4}.Debug|Any CPU.ActiveCfg = Debug|Any CPU
		{1B26AA4B-E105-486E-971B-91AD09C557D4}.Debug|Any CPU.Build.0 = Debug|Any CPU
		{1B26AA4B-E105-486E-971B-91AD09C557D4}.Release|Any CPU.ActiveCfg = Release|Any CPU
		{1B26AA4B-E105-486E-971B-91AD09C557D4}.Release|Any CPU.Build.0 = Release|Any CPU
		{A36A07B8-DC45-4562-AB28-F07A6B0ACFCE}.Debug|Any CPU.ActiveCfg = Debug|Any CPU
		{A36A07B8-DC45-4562-AB28-F07A6B0ACFCE}.Debug|Any CPU.Build.0 = Debug|Any CPU
		{A36A07B8-DC45-4562-AB28-F07A6B0ACFCE}.Release|Any CPU.ActiveCfg = Release|Any CPU
		{A36A07B8-DC45-4562-AB28-F07A6B0ACFCE}.Release|Any CPU.Build.0 = Release|Any CPU
	EndGlobalSection
	GlobalSection(SolutionProperties) = preSolution
		HideSolutionNode = FALSE
	EndGlobalSection
	GlobalSection(ExtensibilityGlobals) = postSolution
		SolutionGuid = {103088E4-741E-4F6C-80DA-F6E784FEC18F}
	EndGlobalSection
EndGlobal
